// !$*UTF8*$!
{
	archiveVersion = 1;
	classes = {
	};
	objectVersion = 56;
	objects = {

/* Begin PBXBuildFile section */
		BC2EB91C2A85E4230061F371 /* BlackJackGameApp.swift in Sources */ = {isa = PBXBuildFile; fileRef = BC2EB91B2A85E4230061F371 /* BlackJackGameApp.swift */; };
		BC2EB91E2A85E4230061F371 /* ContentView.swift in Sources */ = {isa = PBXBuildFile; fileRef = BC2EB91D2A85E4230061F371 /* ContentView.swift */; };
		BC2EB9202A85E4240061F371 /* Assets.xcassets in Resources */ = {isa = PBXBuildFile; fileRef = BC2EB91F2A85E4240061F371 /* Assets.xcassets */; };
		BC2EB9232A85E4240061F371 /* Preview Assets.xcassets in Resources */ = {isa = PBXBuildFile; fileRef = BC2EB9222A85E4240061F371 /* Preview Assets.xcassets */; };
		BC2EB92B2A85EA340061F371 /* GameView.swift in Sources */ = {isa = PBXBuildFile; fileRef = BC2EB92A2A85EA340061F371 /* GameView.swift */; };
		BC5E084E2A90C17000D5A2C6 /* GameManager.swift in Sources */ = {isa = PBXBuildFile; fileRef = BC5E084D2A90C17000D5A2C6 /* GameManager.swift */; };
		BC5E08502A90C40F00D5A2C6 /* OptionButtonView.swift in Sources */ = {isa = PBXBuildFile; fileRef = BC5E084F2A90C40F00D5A2C6 /* OptionButtonView.swift */; };
		BC5E08562A96124B00D5A2C6 /* BlackJackClassificationModel.mlmodel in Sources */ = {isa = PBXBuildFile; fileRef = BC5E08552A96124B00D5A2C6 /* BlackJackClassificationModel.mlmodel */; };
		BC5E08592A97250400D5A2C6 /* PlaySound.swift in Sources */ = {isa = PBXBuildFile; fileRef = BC5E08582A97250400D5A2C6 /* PlaySound.swift */; };
		BC5E085D2A97C0C500D5A2C6 /* shuffle-sound.mp3 in Resources */ = {isa = PBXBuildFile; fileRef = BC5E085B2A97C0C500D5A2C6 /* shuffle-sound.mp3 */; };
		BC5E085E2A97C0C500D5A2C6 /* flip-sound.mp3 in Resources */ = {isa = PBXBuildFile; fileRef = BC5E085C2A97C0C500D5A2C6 /* flip-sound.mp3 */; };
		BC5E08612A97C2AF00D5A2C6 /* win-sound.mp3 in Resources */ = {isa = PBXBuildFile; fileRef = BC5E085F2A97C2AF00D5A2C6 /* win-sound.mp3 */; };
		BC5E08622A97C2AF00D5A2C6 /* lose-sound.mp3 in Resources */ = {isa = PBXBuildFile; fileRef = BC5E08602A97C2AF00D5A2C6 /* lose-sound.mp3 */; };
/* End PBXBuildFile section */

/* Begin PBXFileReference section */
		BC2EB9182A85E4230061F371 /* BlackJackGame.app */ = {isa = PBXFileReference; explicitFileType = wrapper.application; includeInIndex = 0; path = BlackJackGame.app; sourceTree = BUILT_PRODUCTS_DIR; };
		BC2EB91B2A85E4230061F371 /* BlackJackGameApp.swift */ = {isa = PBXFileReference; lastKnownFileType = sourcecode.swift; path = BlackJackGameApp.swift; sourceTree = "<group>"; };
		BC2EB91D2A85E4230061F371 /* ContentView.swift */ = {isa = PBXFileReference; lastKnownFileType = sourcecode.swift; path = ContentView.swift; sourceTree = "<group>"; };
		BC2EB91F2A85E4240061F371 /* Assets.xcassets */ = {isa = PBXFileReference; lastKnownFileType = folder.assetcatalog; path = Assets.xcassets; sourceTree = "<group>"; };
		BC2EB9222A85E4240061F371 /* Preview Assets.xcassets */ = {isa = PBXFileReference; lastKnownFileType = folder.assetcatalog; path = "Preview Assets.xcassets"; sourceTree = "<group>"; };
		BC2EB92A2A85EA340061F371 /* GameView.swift */ = {isa = PBXFileReference; lastKnownFileType = sourcecode.swift; path = GameView.swift; sourceTree = "<group>"; };
		BC5E084D2A90C17000D5A2C6 /* GameManager.swift */ = {isa = PBXFileReference; lastKnownFileType = sourcecode.swift; path = GameManager.swift; sourceTree = "<group>"; };
		BC5E084F2A90C40F00D5A2C6 /* OptionButtonView.swift */ = {isa = PBXFileReference; lastKnownFileType = sourcecode.swift; path = OptionButtonView.swift; sourceTree = "<group>"; };
		BC5E08552A96124B00D5A2C6 /* BlackJackClassificationModel.mlmodel */ = {isa = PBXFileReference; lastKnownFileType = file.mlmodel; path = BlackJackClassificationModel.mlmodel; sourceTree = "<group>"; };
		BC5E08582A97250400D5A2C6 /* PlaySound.swift */ = {isa = PBXFileReference; lastKnownFileType = sourcecode.swift; path = PlaySound.swift; sourceTree = "<group>"; };
		BC5E085B2A97C0C500D5A2C6 /* shuffle-sound.mp3 */ = {isa = PBXFileReference; lastKnownFileType = audio.mp3; path = "shuffle-sound.mp3"; sourceTree = "<group>"; };
		BC5E085C2A97C0C500D5A2C6 /* flip-sound.mp3 */ = {isa = PBXFileReference; lastKnownFileType = audio.mp3; path = "flip-sound.mp3"; sourceTree = "<group>"; };
		BC5E085F2A97C2AF00D5A2C6 /* win-sound.mp3 */ = {isa = PBXFileReference; lastKnownFileType = audio.mp3; path = "win-sound.mp3"; sourceTree = "<group>"; };
		BC5E08602A97C2AF00D5A2C6 /* lose-sound.mp3 */ = {isa = PBXFileReference; lastKnownFileType = audio.mp3; path = "lose-sound.mp3"; sourceTree = "<group>"; };
/* End PBXFileReference section */

/* Begin PBXFrameworksBuildPhase section */
		BC2EB9152A85E4230061F371 /* Frameworks */ = {
			isa = PBXFrameworksBuildPhase;
			buildActionMask = 2147483647;
			files = (
			);
			runOnlyForDeploymentPostprocessing = 0;
		};
/* End PBXFrameworksBuildPhase section */

/* Begin PBXGroup section */
		BC2EB90F2A85E4230061F371 = {
			isa = PBXGroup;
			children = (
				BC2EB91A2A85E4230061F371 /* BlackJackGame */,
				BC2EB9192A85E4230061F371 /* Products */,
			);
			sourceTree = "<group>";
		};
		BC2EB9192A85E4230061F371 /* Products */ = {
			isa = PBXGroup;
			children = (
				BC2EB9182A85E4230061F371 /* BlackJackGame.app */,
			);
			name = Products;
			sourceTree = "<group>";
		};
		BC2EB91A2A85E4230061F371 /* BlackJackGame */ = {
			isa = PBXGroup;
			children = (
				BC5E085A2A97C09D00D5A2C6 /* Sound */,
				BC5E08572A9724EF00D5A2C6 /* Helper */,
				BC5E08552A96124B00D5A2C6 /* BlackJackClassificationModel.mlmodel */,
				BC5E084C2A90C15C00D5A2C6 /* Model */,
				BC2EB9292A85EA230061F371 /* View */,
				BC2EB91B2A85E4230061F371 /* BlackJackGameApp.swift */,
				BC2EB91D2A85E4230061F371 /* ContentView.swift */,
				BC2EB91F2A85E4240061F371 /* Assets.xcassets */,
				BC2EB9212A85E4240061F371 /* Preview Content */,
			);
			path = BlackJackGame;
			sourceTree = "<group>";
		};
		BC2EB9212A85E4240061F371 /* Preview Content */ = {
			isa = PBXGroup;
			children = (
				BC2EB9222A85E4240061F371 /* Preview Assets.xcassets */,
			);
			path = "Preview Content";
			sourceTree = "<group>";
		};
		BC2EB9292A85EA230061F371 /* View */ = {
			isa = PBXGroup;
			children = (
				BC2EB92A2A85EA340061F371 /* GameView.swift */,
				BC5E084F2A90C40F00D5A2C6 /* OptionButtonView.swift */,
			);
			path = View;
			sourceTree = "<group>";
		};
		BC5E084C2A90C15C00D5A2C6 /* Model */ = {
			isa = PBXGroup;
			children = (
				BC5E084D2A90C17000D5A2C6 /* GameManager.swift */,
			);
			path = Model;
			sourceTree = "<group>";
		};
		BC5E08572A9724EF00D5A2C6 /* Helper */ = {
			isa = PBXGroup;
			children = (
				BC5E08582A97250400D5A2C6 /* PlaySound.swift */,
			);
			path = Helper;
			sourceTree = "<group>";
		};
		BC5E085A2A97C09D00D5A2C6 /* Sound */ = {
			isa = PBXGroup;
			children = (
				BC5E08602A97C2AF00D5A2C6 /* lose-sound.mp3 */,
				BC5E085F2A97C2AF00D5A2C6 /* win-sound.mp3 */,
				BC5E085C2A97C0C500D5A2C6 /* flip-sound.mp3 */,
				BC5E085B2A97C0C500D5A2C6 /* shuffle-sound.mp3 */,
			);
			path = Sound;
			sourceTree = "<group>";
		};
/* End PBXGroup section */

/* Begin PBXNativeTarget section */
		BC2EB9172A85E4230061F371 /* BlackJackGame */ = {
			isa = PBXNativeTarget;
			buildConfigurationList = BC2EB9262A85E4240061F371 /* Build configuration list for PBXNativeTarget "BlackJackGame" */;
			buildPhases = (
				BC2EB9142A85E4230061F371 /* Sources */,
				BC2EB9152A85E4230061F371 /* Frameworks */,
				BC2EB9162A85E4230061F371 /* Resources */,
			);
			buildRules = (
			);
			dependencies = (
			);
			name = BlackJackGame;
			productName = BlackJackGame;
			productReference = BC2EB9182A85E4230061F371 /* BlackJackGame.app */;
			productType = "com.apple.product-type.application";
		};
/* End PBXNativeTarget section */

/* Begin PBXProject section */
		BC2EB9102A85E4230061F371 /* Project object */ = {
			isa = PBXProject;
			attributes = {
				BuildIndependentTargetsInParallel = 1;
				LastSwiftUpdateCheck = 1430;
				LastUpgradeCheck = 1430;
				TargetAttributes = {
					BC2EB9172A85E4230061F371 = {
						CreatedOnToolsVersion = 14.3.1;
					};
				};
			};
			buildConfigurationList = BC2EB9132A85E4230061F371 /* Build configuration list for PBXProject "BlackJackGame" */;
			compatibilityVersion = "Xcode 14.0";
			developmentRegion = en;
			hasScannedForEncodings = 0;
			knownRegions = (
				en,
				Base,
			);
			mainGroup = BC2EB90F2A85E4230061F371;
			productRefGroup = BC2EB9192A85E4230061F371 /* Products */;
			projectDirPath = "";
			projectRoot = "";
			targets = (
				BC2EB9172A85E4230061F371 /* BlackJackGame */,
			);
		};
/* End PBXProject section */

/* Begin PBXResourcesBuildPhase section */
		BC2EB9162A85E4230061F371 /* Resources */ = {
			isa = PBXResourcesBuildPhase;
			buildActionMask = 2147483647;
			files = (
				BC5E08612A97C2AF00D5A2C6 /* win-sound.mp3 in Resources */,
				BC5E08622A97C2AF00D5A2C6 /* lose-sound.mp3 in Resources */,
				BC2EB9232A85E4240061F371 /* Preview Assets.xcassets in Resources */,
				BC5E085E2A97C0C500D5A2C6 /* flip-sound.mp3 in Resources */,
				BC5E085D2A97C0C500D5A2C6 /* shuffle-sound.mp3 in Resources */,
				BC2EB9202A85E4240061F371 /* Assets.xcassets in Resources */,
			);
			runOnlyForDeploymentPostprocessing = 0;
		};
/* End PBXResourcesBuildPhase section */

/* Begin PBXSourcesBuildPhase section */
		BC2EB9142A85E4230061F371 /* Sources */ = {
			isa = PBXSourcesBuildPhase;
			buildActionMask = 2147483647;
			files = (
				BC2EB91E2A85E4230061F371 /* ContentView.swift in Sources */,
				BC5E08592A97250400D5A2C6 /* PlaySound.swift in Sources */,
				BC5E084E2A90C17000D5A2C6 /* GameManager.swift in Sources */,
				BC2EB92B2A85EA340061F371 /* GameView.swift in Sources */,
				BC2EB91C2A85E4230061F371 /* BlackJackGameApp.swift in Sources */,
				BC5E08502A90C40F00D5A2C6 /* OptionButtonView.swift in Sources */,
				BC5E08562A96124B00D5A2C6 /* BlackJackClassificationModel.mlmodel in Sources */,
			);
			runOnlyForDeploymentPostprocessing = 0;
		};
/* End PBXSourcesBuildPhase section */

/* Begin XCBuildConfiguration section */
		BC2EB9242A85E4240061F371 /* Debug */ = {
			isa = XCBuildConfiguration;
			buildSettings = {
				ALWAYS_SEARCH_USER_PATHS = NO;
				CLANG_ANALYZER_NONNULL = YES;
				CLANG_ANALYZER_NUMBER_OBJECT_CONVERSION = YES_AGGRESSIVE;
				CLANG_CXX_LANGUAGE_STANDARD = "gnu++20";
				CLANG_ENABLE_MODULES = YES;
				CLANG_ENABLE_OBJC_ARC = YES;
				CLANG_ENABLE_OBJC_WEAK = YES;
				CLANG_WARN_BLOCK_CAPTURE_AUTORELEASING = YES;
				CLANG_WARN_BOOL_CONVERSION = YES;
				CLANG_WARN_COMMA = YES;
				CLANG_WARN_CONSTANT_CONVERSION = YES;
				CLANG_WARN_DEPRECATED_OBJC_IMPLEMENTATIONS = YES;
				CLANG_WARN_DIRECT_OBJC_ISA_USAGE = YES_ERROR;
				CLANG_WARN_DOCUMENTATION_COMMENTS = YES;
				CLANG_WARN_EMPTY_BODY = YES;
				CLANG_WARN_ENUM_CONVERSION = YES;
				CLANG_WARN_INFINITE_RECURSION = YES;
				CLANG_WARN_INT_CONVERSION = YES;
				CLANG_WARN_NON_LITERAL_NULL_CONVERSION = YES;
				CLANG_WARN_OBJC_IMPLICIT_RETAIN_SELF = YES;
				CLANG_WARN_OBJC_LITERAL_CONVERSION = YES;
				CLANG_WARN_OBJC_ROOT_CLASS = YES_ERROR;
				CLANG_WARN_QUOTED_INCLUDE_IN_FRAMEWORK_HEADER = YES;
				CLANG_WARN_RANGE_LOOP_ANALYSIS = YES;
				CLANG_WARN_STRICT_PROTOTYPES = YES;
				CLANG_WARN_SUSPICIOUS_MOVE = YES;
				CLANG_WARN_UNGUARDED_AVAILABILITY = YES_AGGRESSIVE;
				CLANG_WARN_UNREACHABLE_CODE = YES;
				CLANG_WARN__DUPLICATE_METHOD_MATCH = YES;
				COPY_PHASE_STRIP = NO;
				DEBUG_INFORMATION_FORMAT = dwarf;
				ENABLE_STRICT_OBJC_MSGSEND = YES;
				ENABLE_TESTABILITY = YES;
				GCC_C_LANGUAGE_STANDARD = gnu11;
				GCC_DYNAMIC_NO_PIC = NO;
				GCC_NO_COMMON_BLOCKS = YES;
				GCC_OPTIMIZATION_LEVEL = 0;
				GCC_PREPROCESSOR_DEFINITIONS = (
					"DEBUG=1",
					"$(inherited)",
				);
				GCC_WARN_64_TO_32_BIT_CONVERSION = YES;
				GCC_WARN_ABOUT_RETURN_TYPE = YES_ERROR;
				GCC_WARN_UNDECLARED_SELECTOR = YES;
				GCC_WARN_UNINITIALIZED_AUTOS = YES_AGGRESSIVE;
				GCC_WARN_UNUSED_FUNCTION = YES;
				GCC_WARN_UNUSED_VARIABLE = YES;
				IPHONEOS_DEPLOYMENT_TARGET = 16.4;
				MTL_ENABLE_DEBUG_INFO = INCLUDE_SOURCE;
				MTL_FAST_MATH = YES;
				ONLY_ACTIVE_ARCH = YES;
				SDKROOT = iphoneos;
				SWIFT_ACTIVE_COMPILATION_CONDITIONS = DEBUG;
				SWIFT_OPTIMIZATION_LEVEL = "-Onone";
			};
			name = Debug;
		};
		BC2EB9252A85E4240061F371 /* Release */ = {
			isa = XCBuildConfiguration;
			buildSettings = {
				ALWAYS_SEARCH_USER_PATHS = NO;
				CLANG_ANALYZER_NONNULL = YES;
				CLANG_ANALYZER_NUMBER_OBJECT_CONVERSION = YES_AGGRESSIVE;
				CLANG_CXX_LANGUAGE_STANDARD = "gnu++20";
				CLANG_ENABLE_MODULES = YES;
				CLANG_ENABLE_OBJC_ARC = YES;
				CLANG_ENABLE_OBJC_WEAK = YES;
				CLANG_WARN_BLOCK_CAPTURE_AUTORELEASING = YES;
				CLANG_WARN_BOOL_CONVERSION = YES;
				CLANG_WARN_COMMA = YES;
				CLANG_WARN_CONSTANT_CONVERSION = YES;
				CLANG_WARN_DEPRECATED_OBJC_IMPLEMENTATIONS = YES;
				CLANG_WARN_DIRECT_OBJC_ISA_USAGE = YES_ERROR;
				CLANG_WARN_DOCUMENTATION_COMMENTS = YES;
				CLANG_WARN_EMPTY_BODY = YES;
				CLANG_WARN_ENUM_CONVERSION = YES;
				CLANG_WARN_INFINITE_RECURSION = YES;
				CLANG_WARN_INT_CONVERSION = YES;
				CLANG_WARN_NON_LITERAL_NULL_CONVERSION = YES;
				CLANG_WARN_OBJC_IMPLICIT_RETAIN_SELF = YES;
				CLANG_WARN_OBJC_LITERAL_CONVERSION = YES;
				CLANG_WARN_OBJC_ROOT_CLASS = YES_ERROR;
				CLANG_WARN_QUOTED_INCLUDE_IN_FRAMEWORK_HEADER = YES;
				CLANG_WARN_RANGE_LOOP_ANALYSIS = YES;
				CLANG_WARN_STRICT_PROTOTYPES = YES;
				CLANG_WARN_SUSPICIOUS_MOVE = YES;
				CLANG_WARN_UNGUARDED_AVAILABILITY = YES_AGGRESSIVE;
				CLANG_WARN_UNREACHABLE_CODE = YES;
				CLANG_WARN__DUPLICATE_METHOD_MATCH = YES;
				COPY_PHASE_STRIP = NO;
				DEBUG_INFORMATION_FORMAT = "dwarf-with-dsym";
				ENABLE_NS_ASSERTIONS = NO;
				ENABLE_STRICT_OBJC_MSGSEND = YES;
				GCC_C_LANGUAGE_STANDARD = gnu11;
				GCC_NO_COMMON_BLOCKS = YES;
				GCC_WARN_64_TO_32_BIT_CONVERSION = YES;
				GCC_WARN_ABOUT_RETURN_TYPE = YES_ERROR;
				GCC_WARN_UNDECLARED_SELECTOR = YES;
				GCC_WARN_UNINITIALIZED_AUTOS = YES_AGGRESSIVE;
				GCC_WARN_UNUSED_FUNCTION = YES;
				GCC_WARN_UNUSED_VARIABLE = YES;
				IPHONEOS_DEPLOYMENT_TARGET = 16.4;
				MTL_ENABLE_DEBUG_INFO = NO;
				MTL_FAST_MATH = YES;
				SDKROOT = iphoneos;
				SWIFT_COMPILATION_MODE = wholemodule;
				SWIFT_OPTIMIZATION_LEVEL = "-O";
				VALIDATE_PRODUCT = YES;
			};
			name = Release;
		};
		BC2EB9272A85E4240061F371 /* Debug */ = {
			isa = XCBuildConfiguration;
			buildSettings = {
				ASSETCATALOG_COMPILER_APPICON_NAME = AppIcon;
				ASSETCATALOG_COMPILER_GLOBAL_ACCENT_COLOR_NAME = AccentColor;
				CODE_SIGN_STYLE = Automatic;
				CURRENT_PROJECT_VERSION = 1;
				DEVELOPMENT_ASSET_PATHS = "\"BlackJackGame/Preview Content\"";
				DEVELOPMENT_TEAM = 8U646G56Y3;
				ENABLE_PREVIEWS = YES;
				GENERATE_INFOPLIST_FILE = YES;
				INFOPLIST_KEY_UIApplicationSceneManifest_Generation = YES;
				INFOPLIST_KEY_UIApplicationSupportsIndirectInputEvents = YES;
				INFOPLIST_KEY_UILaunchScreen_Generation = YES;
				INFOPLIST_KEY_UISupportedInterfaceOrientations_iPad = "UIInterfaceOrientationPortrait UIInterfaceOrientationPortraitUpsideDown UIInterfaceOrientationLandscapeLeft UIInterfaceOrientationLandscapeRight";
				INFOPLIST_KEY_UISupportedInterfaceOrientations_iPhone = "UIInterfaceOrientationPortrait UIInterfaceOrientationLandscapeLeft UIInterfaceOrientationLandscapeRight";
				LD_RUNPATH_SEARCH_PATHS = (
					"$(inherited)",
					"@executable_path/Frameworks",
				);
				MARKETING_VERSION = 1.0;
				PRODUCT_BUNDLE_IDENTIFIER = com.oceansoftware.BlackJackGame;
				PRODUCT_NAME = "$(TARGET_NAME)";
				SWIFT_EMIT_LOC_STRINGS = YES;
				SWIFT_VERSION = 5.0;
				TARGETED_DEVICE_FAMILY = "1,2";
			};
			name = Debug;
		};
		BC2EB9282A85E4240061F371 /* Release */ = {
			isa = XCBuildConfiguration;
			buildSettings = {
				ASSETCATALOG_COMPILER_APPICON_NAME = AppIcon;
				ASSETCATALOG_COMPILER_GLOBAL_ACCENT_COLOR_NAME = AccentColor;
				CODE_SIGN_STYLE = Automatic;
				CURRENT_PROJECT_VERSION = 1;
				DEVELOPMENT_ASSET_PATHS = "\"BlackJackGame/Preview Content\"";
				DEVELOPMENT_TEAM = 8U646G56Y3;
				ENABLE_PREVIEWS = YES;
				GENERATE_INFOPLIST_FILE = YES;
				INFOPLIST_KEY_UIApplicationSceneManifest_Generation = YES;
				INFOPLIST_KEY_UIApplicationSupportsIndirectInputEvents = YES;
				INFOPLIST_KEY_UILaunchScreen_Generation = YES;
				INFOPLIST_KEY_UISupportedInterfaceOrientations_iPad = "UIInterfaceOrientationPortrait UIInterfaceOrientationPortraitUpsideDown UIInterfaceOrientationLandscapeLeft UIInterfaceOrientationLandscapeRight";
				INFOPLIST_KEY_UISupportedInterfaceOrientations_iPhone = "UIInterfaceOrientationPortrait UIInterfaceOrientationLandscapeLeft UIInterfaceOrientationLandscapeRight";
				LD_RUNPATH_SEARCH_PATHS = (
					"$(inherited)",
					"@executable_path/Frameworks",
				);
				MARKETING_VERSION = 1.0;
				PRODUCT_BUNDLE_IDENTIFIER = com.oceansoftware.BlackJackGame;
				PRODUCT_NAME = "$(TARGET_NAME)";
				SWIFT_EMIT_LOC_STRINGS = YES;
				SWIFT_VERSION = 5.0;
				TARGETED_DEVICE_FAMILY = "1,2";
			};
			name = Release;
		};
/* End XCBuildConfiguration section */

/* Begin XCConfigurationList section */
		BC2EB9132A85E4230061F371 /* Build configuration list for PBXProject "BlackJackGame" */ = {
			isa = XCConfigurationList;
			buildConfigurations = (
				BC2EB9242A85E4240061F371 /* Debug */,
				BC2EB9252A85E4240061F371 /* Release */,
			);
			defaultConfigurationIsVisible = 0;
			defaultConfigurationName = Release;
		};
		BC2EB9262A85E4240061F371 /* Build configuration list for PBXNativeTarget "BlackJackGame" */ = {
			isa = XCConfigurationList;
			buildConfigurations = (
				BC2EB9272A85E4240061F371 /* Debug */,
				BC2EB9282A85E4240061F371 /* Release */,
			);
			defaultConfigurationIsVisible = 0;
			defaultConfigurationName = Release;
		};
/* End XCConfigurationList section */
	};
	rootObject = BC2EB9102A85E4230061F371 /* Project object */;
}
